<?xml version="1.0" encoding="utf-8"?>
<Project ToolsVersion="4.0" xmlns="http://schemas.microsoft.com/developer/msbuild/2003">
  <ItemGroup>
    <Filter Include="Source Files">
      <UniqueIdentifier>{4FC737F1-C7A5-4376-A066-2A32D752A2FF}</UniqueIdentifier>
      <Extensions>cpp;c;cc;cxx;c++;cppm;ixx;def;odl;idl;hpj;bat;asm;asmx</Extensions>
    </Filter>
    <Filter Include="Header Files">
      <UniqueIdentifier>{93995380-89BD-4b04-88EB-625FBE52EBFB}</UniqueIdentifier>
      <Extensions>h;hh;hpp;hxx;h++;hm;inl;inc;ipp;xsd</Extensions>
    </Filter>
    <Filter Include="Resource Files">
      <UniqueIdentifier>{67DA6AB6-F800-4c08-8B7A-83BB121AAD01}</UniqueIdentifier>
      <Extensions>rc;ico;cur;bmp;dlg;rc2;rct;bin;rgs;gif;jpg;jpeg;jpe;resx;tiff;tif;png;wav;mfcribbon-ms</Extensions>
    </Filter>
  </ItemGroup>
  <ItemGroup>
    <ClInclude Include="Include\PKAsset.h">
      <Filter>Header Files</Filter>
    </ClInclude>
    <ClInclude Include="Include\PKAssetLoader.h">
      <Filter>Header Files</Filter>
    </ClInclude>
    <ClInclude Include="Source\PKAssetWriter.h">
      <Filter>Header Files</Filter>
    </ClInclude>
    <ClInclude Include="Source\PKShaderWriter.h">
      <Filter>Header Files</Filter>
    </ClInclude>
    <ClInclude Include="Source\PKStringUtilities.h">
      <Filter>Header Files</Filter>
    </ClInclude>
    <ClInclude Include="ThirdParty\shaderc\env.h">
      <Filter>Header Files</Filter>
    </ClInclude>
    <ClInclude Include="ThirdParty\shaderc\shaderc.h">
      <Filter>Header Files</Filter>
    </ClInclude>
    <ClInclude Include="ThirdParty\shaderc\shaderc.hpp">
      <Filter>Header Files</Filter>
    </ClInclude>
    <ClInclude Include="ThirdParty\shaderc\status.h">
      <Filter>Header Files</Filter>
    </ClInclude>
    <ClInclude Include="ThirdParty\shaderc\visibility.h">
      <Filter>Header Files</Filter>
    </ClInclude>
    <ClInclude Include="ThirdParty\SPIRV-Reflect\spirv.h">
      <Filter>Header Files</Filter>
    </ClInclude>
    <ClInclude Include="ThirdParty\SPIRV-Reflect\spirv_reflect.h">
      <Filter>Header Files</Filter>
    </ClInclude>
    <ClInclude Include="Source\PKMeshWriter.h">
      <Filter>Header Files</Filter>
    </ClInclude>
    <ClInclude Include="ThirdParty\tinyobjloader\tiny_obj_loader.h">
      <Filter>Header Files</Filter>
    </ClInclude>
    <ClInclude Include="ThirdParty\mikktspace\mikktspace.h">
      <Filter>Header Files</Filter>
    </ClInclude>
    <ClInclude Include="ThirdParty\meshoptimizer\meshoptimizer.h">
      <Filter>Header Files</Filter>
    </ClInclude>
    <ClInclude Include="Source\PKShaderUtilities.h">
      <Filter>Header Files</Filter>
    </ClInclude>
    <ClInclude Include="Source\PKSPVUtilities.h">
      <Filter>Header Files</Filter>
    </ClInclude>
    <ClInclude Include="Source\PKShaderInstancing.h">
      <Filter>Header Files</Filter>
    </ClInclude>
    <ClInclude Include="Source\PKMeshletWriter.h">
      <Filter>Header Files</Filter>
    </ClInclude>
    <ClInclude Include="Source\PKMeshUtilities.h">
      <Filter>Header Files</Filter>
    </ClInclude>
    <ClInclude Include="Source\PKFileVersionUtilities.h">
      <Filter>Header Files</Filter>
    </ClInclude>
    <ClInclude Include="ThirdParty\msdf-atlas-gen\AtlasGenerator.h">
      <Filter>Header Files</Filter>
    </ClInclude>
    <ClInclude Include="ThirdParty\msdf-atlas-gen\AtlasStorage.h">
      <Filter>Header Files</Filter>
    </ClInclude>
    <ClInclude Include="ThirdParty\msdf-atlas-gen\BitmapAtlasStorage.h">
      <Filter>Header Files</Filter>
    </ClInclude>
    <ClInclude Include="ThirdParty\msdf-atlas-gen\BitmapAtlasStorage.hpp">
      <Filter>Header Files</Filter>
    </ClInclude>
    <ClInclude Include="ThirdParty\msdf-atlas-gen\bitmap-blit.h">
      <Filter>Header Files</Filter>
    </ClInclude>
    <ClInclude Include="ThirdParty\msdf-atlas-gen\Charset.h">
      <Filter>Header Files</Filter>
    </ClInclude>
    <ClInclude Include="ThirdParty\msdf-atlas-gen\csv-export.h">
      <Filter>Header Files</Filter>
    </ClInclude>
    <ClInclude Include="ThirdParty\msdf-atlas-gen\DynamicAtlas.h">
      <Filter>Header Files</Filter>
    </ClInclude>
    <ClInclude Include="ThirdParty\msdf-atlas-gen\DynamicAtlas.hpp">
      <Filter>Header Files</Filter>
    </ClInclude>
    <ClInclude Include="ThirdParty\msdf-atlas-gen\FontGeometry.h">
      <Filter>Header Files</Filter>
    </ClInclude>
    <ClInclude Include="ThirdParty\msdf-atlas-gen\GlyphBox.h">
      <Filter>Header Files</Filter>
    </ClInclude>
    <ClInclude Include="ThirdParty\msdf-atlas-gen\glyph-generators.h">
      <Filter>Header Files</Filter>
    </ClInclude>
    <ClInclude Include="ThirdParty\msdf-atlas-gen\GlyphGeometry.h">
      <Filter>Header Files</Filter>
    </ClInclude>
    <ClInclude Include="ThirdParty\msdf-atlas-gen\GridAtlasPacker.h">
      <Filter>Header Files</Filter>
    </ClInclude>
    <ClInclude Include="ThirdParty\msdf-atlas-gen\image-encode.h">
      <Filter>Header Files</Filter>
    </ClInclude>
    <ClInclude Include="ThirdParty\msdf-atlas-gen\image-save.h">
      <Filter>Header Files</Filter>
    </ClInclude>
    <ClInclude Include="ThirdParty\msdf-atlas-gen\image-save.hpp">
      <Filter>Header Files</Filter>
    </ClInclude>
    <ClInclude Include="ThirdParty\msdf-atlas-gen\ImmediateAtlasGenerator.h">
      <Filter>Header Files</Filter>
    </ClInclude>
    <ClInclude Include="ThirdParty\msdf-atlas-gen\ImmediateAtlasGenerator.hpp">
      <Filter>Header Files</Filter>
    </ClInclude>
    <ClInclude Include="ThirdParty\msdf-atlas-gen\json-export.h">
      <Filter>Header Files</Filter>
    </ClInclude>
    <ClInclude Include="ThirdParty\msdf-atlas-gen\msdf-atlas-gen.h">
      <Filter>Header Files</Filter>
    </ClInclude>
    <ClInclude Include="ThirdParty\msdf-atlas-gen\Padding.h">
      <Filter>Header Files</Filter>
    </ClInclude>
    <ClInclude Include="ThirdParty\msdf-atlas-gen\Rectangle.h">
      <Filter>Header Files</Filter>
    </ClInclude>
    <ClInclude Include="ThirdParty\msdf-atlas-gen\RectanglePacker.h">
      <Filter>Header Files</Filter>
    </ClInclude>
    <ClInclude Include="ThirdParty\msdf-atlas-gen\rectangle-packing.h">
      <Filter>Header Files</Filter>
    </ClInclude>
    <ClInclude Include="ThirdParty\msdf-atlas-gen\rectangle-packing.hpp">
      <Filter>Header Files</Filter>
    </ClInclude>
    <ClInclude Include="ThirdParty\msdf-atlas-gen\Remap.h">
      <Filter>Header Files</Filter>
    </ClInclude>
    <ClInclude Include="ThirdParty\msdf-atlas-gen\shadron-preview-generator.h">
      <Filter>Header Files</Filter>
    </ClInclude>
    <ClInclude Include="ThirdParty\msdf-atlas-gen\size-selectors.h">
      <Filter>Header Files</Filter>
    </ClInclude>
    <ClInclude Include="ThirdParty\msdf-atlas-gen\TightAtlasPacker.h">
      <Filter>Header Files</Filter>
    </ClInclude>
    <ClInclude Include="ThirdParty\msdf-atlas-gen\types.h">
      <Filter>Header Files</Filter>
    </ClInclude>
    <ClInclude Include="ThirdParty\msdf-atlas-gen\utf8.h">
      <Filter>Header Files</Filter>
    </ClInclude>
    <ClInclude Include="ThirdParty\msdf-atlas-gen\Workload.h">
      <Filter>Header Files</Filter>
    </ClInclude>
    <ClInclude Include="Source\PKFontWriter.h">
      <Filter>Header Files</Filter>
    </ClInclude>
    <ClInclude Include="ThirdParty\msdf-atlas-gen\msdfgen\core\arithmetics.hpp">
      <Filter>Header Files</Filter>
    </ClInclude>
    <ClInclude Include="ThirdParty\msdf-atlas-gen\msdfgen\core\base.h">
      <Filter>Header Files</Filter>
    </ClInclude>
    <ClInclude Include="ThirdParty\msdf-atlas-gen\msdfgen\core\Bitmap.h">
      <Filter>Header Files</Filter>
    </ClInclude>
    <ClInclude Include="ThirdParty\msdf-atlas-gen\msdfgen\core\Bitmap.hpp">
      <Filter>Header Files</Filter>
    </ClInclude>
    <ClInclude Include="ThirdParty\msdf-atlas-gen\msdfgen\core\bitmap-interpolation.hpp">
      <Filter>Header Files</Filter>
    </ClInclude>
    <ClInclude Include="ThirdParty\msdf-atlas-gen\msdfgen\core\BitmapRef.hpp">
      <Filter>Header Files</Filter>
    </ClInclude>
    <ClInclude Include="ThirdParty\msdf-atlas-gen\msdfgen\core\Contour.h">
      <Filter>Header Files</Filter>
    </ClInclude>
    <ClInclude Include="ThirdParty\msdf-atlas-gen\msdfgen\core\contour-combiners.h">
      <Filter>Header Files</Filter>
    </ClInclude>
    <ClInclude Include="ThirdParty\msdf-atlas-gen\msdfgen\core\DistanceMapping.h">
      <Filter>Header Files</Filter>
    </ClInclude>
    <ClInclude Include="ThirdParty\msdf-atlas-gen\msdfgen\core\EdgeColor.h">
      <Filter>Header Files</Filter>
    </ClInclude>
    <ClInclude Include="ThirdParty\msdf-atlas-gen\msdfgen\core\edge-coloring.h">
      <Filter>Header Files</Filter>
    </ClInclude>
    <ClInclude Include="ThirdParty\msdf-atlas-gen\msdfgen\core\EdgeHolder.h">
      <Filter>Header Files</Filter>
    </ClInclude>
    <ClInclude Include="ThirdParty\msdf-atlas-gen\msdfgen\core\edge-segments.h">
      <Filter>Header Files</Filter>
    </ClInclude>
    <ClInclude Include="ThirdParty\msdf-atlas-gen\msdfgen\core\edge-selectors.h">
      <Filter>Header Files</Filter>
    </ClInclude>
    <ClInclude Include="ThirdParty\msdf-atlas-gen\msdfgen\core\equation-solver.h">
      <Filter>Header Files</Filter>
    </ClInclude>
    <ClInclude Include="ThirdParty\msdf-atlas-gen\msdfgen\core\export-svg.h">
      <Filter>Header Files</Filter>
    </ClInclude>
    <ClInclude Include="ThirdParty\msdf-atlas-gen\msdfgen\core\generator-config.h">
      <Filter>Header Files</Filter>
    </ClInclude>
    <ClInclude Include="ThirdParty\msdf-atlas-gen\msdfgen\core\msdf-error-correction.h">
      <Filter>Header Files</Filter>
    </ClInclude>
    <ClInclude Include="ThirdParty\msdf-atlas-gen\msdfgen\core\MSDFErrorCorrection.h">
      <Filter>Header Files</Filter>
    </ClInclude>
    <ClInclude Include="ThirdParty\msdf-atlas-gen\msdfgen\core\pixel-conversion.hpp">
      <Filter>Header Files</Filter>
    </ClInclude>
    <ClInclude Include="ThirdParty\msdf-atlas-gen\msdfgen\core\Projection.h">
      <Filter>Header Files</Filter>
    </ClInclude>
    <ClInclude Include="ThirdParty\msdf-atlas-gen\msdfgen\core\Range.hpp">
      <Filter>Header Files</Filter>
    </ClInclude>
    <ClInclude Include="ThirdParty\msdf-atlas-gen\msdfgen\core\rasterization.h">
      <Filter>Header Files</Filter>
    </ClInclude>
    <ClInclude Include="ThirdParty\msdf-atlas-gen\msdfgen\core\render-sdf.h">
      <Filter>Header Files</Filter>
    </ClInclude>
    <ClInclude Include="ThirdParty\msdf-atlas-gen\msdfgen\core\save-bmp.h">
      <Filter>Header Files</Filter>
    </ClInclude>
    <ClInclude Include="ThirdParty\msdf-atlas-gen\msdfgen\core\save-fl32.h">
      <Filter>Header Files</Filter>
    </ClInclude>
    <ClInclude Include="ThirdParty\msdf-atlas-gen\msdfgen\core\save-rgba.h">
      <Filter>Header Files</Filter>
    </ClInclude>
    <ClInclude Include="ThirdParty\msdf-atlas-gen\msdfgen\core\save-tiff.h">
      <Filter>Header Files</Filter>
    </ClInclude>
    <ClInclude Include="ThirdParty\msdf-atlas-gen\msdfgen\core\Scanline.h">
      <Filter>Header Files</Filter>
    </ClInclude>
    <ClInclude Include="ThirdParty\msdf-atlas-gen\msdfgen\core\sdf-error-estimation.h">
      <Filter>Header Files</Filter>
    </ClInclude>
    <ClInclude Include="ThirdParty\msdf-atlas-gen\msdfgen\core\SDFTransformation.h">
      <Filter>Header Files</Filter>
    </ClInclude>
    <ClInclude Include="ThirdParty\msdf-atlas-gen\msdfgen\core\Shape.h">
      <Filter>Header Files</Filter>
    </ClInclude>
    <ClInclude Include="ThirdParty\msdf-atlas-gen\msdfgen\core\shape-description.h">
      <Filter>Header Files</Filter>
    </ClInclude>
    <ClInclude Include="ThirdParty\msdf-atlas-gen\msdfgen\core\ShapeDistanceFinder.h">
      <Filter>Header Files</Filter>
    </ClInclude>
    <ClInclude Include="ThirdParty\msdf-atlas-gen\msdfgen\core\ShapeDistanceFinder.hpp">
      <Filter>Header Files</Filter>
    </ClInclude>
    <ClInclude Include="ThirdParty\msdf-atlas-gen\msdfgen\core\SignedDistance.hpp">
      <Filter>Header Files</Filter>
    </ClInclude>
    <ClInclude Include="ThirdParty\msdf-atlas-gen\msdfgen\core\Vector2.hpp">
      <Filter>Header Files</Filter>
    </ClInclude>
    <ClInclude Include="ThirdParty\msdf-atlas-gen\msdfgen\ext\import-font.h">
      <Filter>Header Files</Filter>
    </ClInclude>
    <ClInclude Include="ThirdParty\msdf-atlas-gen\msdfgen\ext\import-svg.h">
      <Filter>Header Files</Filter>
    </ClInclude>
    <ClInclude Include="ThirdParty\msdf-atlas-gen\msdfgen\ext\resolve-shape-geometry.h">
      <Filter>Header Files</Filter>
    </ClInclude>
    <ClInclude Include="ThirdParty\msdf-atlas-gen\msdfgen\ext\save-png.h">
      <Filter>Header Files</Filter>
    </ClInclude>
    <ClInclude Include="ThirdParty\msdf-atlas-gen\msdfgen\msdfgen.h">
      <Filter>Header Files</Filter>
    </ClInclude>
    <ClInclude Include="ThirdParty\msdf-atlas-gen\msdfgen\msdfgen-ext.h">
      <Filter>Header Files</Filter>
    </ClInclude>
    <ClInclude Include="ThirdParty\METIS\metis.h">
      <Filter>Header Files</Filter>
    </ClInclude>
    <ClInclude Include="Source\PKTextureWriter.h">
      <Filter>Header Files</Filter>
    </ClInclude>
    <ClInclude Include="ThirdParty\KTX\ktx.h">
      <Filter>Header Files</Filter>
    </ClInclude>
    <ClInclude Include="ThirdParty\KTX\khr_df.h">
      <Filter>Header Files</Filter>
    </ClInclude>
    <ClInclude Include="ThirdParty\KTX\vulkan_format.h">
      <Filter>Header Files</Filter>
    </ClInclude>
    <ClInclude Include="Include\PKAssetEncoding.h">
      <Filter>Header Files</Filter>
    </ClInclude>
  </ItemGroup>
  <ItemGroup>
    <ClCompile Include="Include\PKAssetLoader.cpp">
      <Filter>Source Files</Filter>
    </ClCompile>
    <ClCompile Include="Source\main.cpp">
      <Filter>Source Files</Filter>
    </ClCompile>
    <ClCompile Include="Source\PKAssetWriter.cpp">
      <Filter>Source Files</Filter>
    </ClCompile>
    <ClCompile Include="Source\PKShaderWriter.cpp">
      <Filter>Source Files</Filter>
    </ClCompile>
    <ClCompile Include="Source\PKStringUtilities.cpp">
      <Filter>Source Files</Filter>
    </ClCompile>
    <ClCompile Include="ThirdParty\SPIRV-Reflect\spirv_reflect.cpp">
      <Filter>Source Files</Filter>
    </ClCompile>
    <ClCompile Include="Source\PKMeshWriter.cpp">
      <Filter>Source Files</Filter>
    </ClCompile>
    <ClCompile Include="ThirdParty\tinyobjloader\tiny_obj_loader.cpp">
      <Filter>Source Files</Filter>
    </ClCompile>
    <ClCompile Include="ThirdParty\mikktspace\mikktspace.c">
      <Filter>Source Files</Filter>
    </ClCompile>
    <ClCompile Include="Include\PKAsset.cpp">
      <Filter>Source Files</Filter>
    </ClCompile>
    <ClCompile Include="ThirdParty\meshoptimizer\allocator.cpp">
      <Filter>Source Files</Filter>
    </ClCompile>
    <ClCompile Include="ThirdParty\meshoptimizer\clusterizer.cpp">
      <Filter>Source Files</Filter>
    </ClCompile>
    <ClCompile Include="ThirdParty\meshoptimizer\indexcodec.cpp">
      <Filter>Source Files</Filter>
    </ClCompile>
    <ClCompile Include="ThirdParty\meshoptimizer\indexgenerator.cpp">
      <Filter>Source Files</Filter>
    </ClCompile>
    <ClCompile Include="ThirdParty\meshoptimizer\overdrawanalyzer.cpp">
      <Filter>Source Files</Filter>
    </ClCompile>
    <ClCompile Include="ThirdParty\meshoptimizer\overdrawoptimizer.cpp">
      <Filter>Source Files</Filter>
    </ClCompile>
    <ClCompile Include="ThirdParty\meshoptimizer\simplifier.cpp">
      <Filter>Source Files</Filter>
    </ClCompile>
    <ClCompile Include="ThirdParty\meshoptimizer\spatialorder.cpp">
      <Filter>Source Files</Filter>
    </ClCompile>
    <ClCompile Include="ThirdParty\meshoptimizer\stripifier.cpp">
      <Filter>Source Files</Filter>
    </ClCompile>
    <ClCompile Include="ThirdParty\meshoptimizer\vcacheanalyzer.cpp">
      <Filter>Source Files</Filter>
    </ClCompile>
    <ClCompile Include="ThirdParty\meshoptimizer\vcacheoptimizer.cpp">
      <Filter>Source Files</Filter>
    </ClCompile>
    <ClCompile Include="ThirdParty\meshoptimizer\vertexcodec.cpp">
      <Filter>Source Files</Filter>
    </ClCompile>
    <ClCompile Include="ThirdParty\meshoptimizer\vertexfilter.cpp">
      <Filter>Source Files</Filter>
    </ClCompile>
    <ClCompile Include="ThirdParty\meshoptimizer\vfetchanalyzer.cpp">
      <Filter>Source Files</Filter>
    </ClCompile>
    <ClCompile Include="ThirdParty\meshoptimizer\vfetchoptimizer.cpp">
      <Filter>Source Files</Filter>
    </ClCompile>
    <ClCompile Include="Source\PKShaderUtilities.cpp">
      <Filter>Source Files</Filter>
    </ClCompile>
    <ClCompile Include="Source\PKSPVUtilities.cpp">
      <Filter>Source Files</Filter>
    </ClCompile>
    <ClCompile Include="Source\PKShaderInstancing.cpp">
      <Filter>Source Files</Filter>
    </ClCompile>
    <ClCompile Include="ThirdParty\meshoptimizer\quantization.cpp">
      <Filter>Source Files</Filter>
    </ClCompile>
    <ClCompile Include="Source\PKMeshletWriter.cpp">
      <Filter>Source Files</Filter>
    </ClCompile>
    <ClCompile Include="Source\PKMeshUtilities.cpp">
      <Filter>Source Files</Filter>
    </ClCompile>
    <ClCompile Include="Source\PKFileVersionUtilities.cpp">
      <Filter>Source Files</Filter>
    </ClCompile>
    <ClCompile Include="Source\PKFontWriter.cpp">
      <Filter>Source Files</Filter>
    </ClCompile>
    <ClCompile Include="Source\PKTextureWriter.cpp">
      <Filter>Source Files</Filter>
    </ClCompile>
    <ClCompile Include="Include\PKAssetEncoding.cpp">
      <Filter>Source Files</Filter>
    </ClCompile>
  </ItemGroup>
  <ItemGroup>
    <Library Include="ThirdParty\shaderc\Binaries\shaderc_combined.lib" />
    <Library Include="ThirdParty\shaderc\Binaries\shaderc_combinedd.lib" />
    <Library Include="ThirdParty\msdf-atlas-gen\Binaries\msdf-atlas-gen.lib" />
    <Library Include="ThirdParty\msdf-atlas-gen\Binaries\msdf-atlas-gend.lib" />
    <Library Include="ThirdParty\METIS\Binaries\metis.lib" />
    <Library Include="ThirdParty\METIS\Binaries\metisd.lib" />
    <Library Include="ThirdParty\METIS\Binaries\GKlib.lib" />
    <Library Include="ThirdParty\METIS\Binaries\GKlibd.lib" />
    <Library Include="ThirdParty\KTX\Binaries\ktx.lib" />
    <Library Include="ThirdParty\KTX\Binaries\ktx_read.lib" />
    <Library Include="ThirdParty\KTX\Binaries\ktx_readd.lib" />
    <Library Include="ThirdParty\KTX\Binaries\ktxd.lib" />
  </ItemGroup>
  <ItemGroup>
    <None Include=".gitignore" />
    <None Include="LICENSE" />
    <None Include="README.md" />
    <None Include="DebugContent\Models\MDL_Debug.mdl" />
    <None Include="DebugContent\Shaders\includes\DebugUtilities.glsl" />
    <None Include="DebugContent\Shaders\SH_WS_Debug.shader" />
    <None Include="DebugContent\Models\MDL_Debug.mdl.pkmeta" />
    <None Include="DebugContent\Shaders\CS_Debug.shader" />
    <None Include="ThirdParty\msdf-atlas-gen\Binaries\msdf-atlas-gend.pdb" />
    <None Include="ThirdParty\msdf-atlas-gen\Binaries\freetype.dll" />
    <None Include="ThirdParty\msdf-atlas-gen\Binaries\freetype.pdb" />
    <None Include="ThirdParty\msdf-atlas-gen\Binaries\freetyped.dll" />
    <None Include="ThirdParty\msdf-atlas-gen\Binaries\freetyped.pdb" />
    <None Include="DebugContent\Textures\T_Bluenoise256.ktx2" />
  </ItemGroup>
  <ItemGroup>
    <Font Include="DebugContent\Fonts\Helvetica.ttf" />
  </ItemGroup>
</Project>