<?xml version="1.0" encoding="utf-8"?>
<Project ToolsVersion="4.0" xmlns="http://schemas.microsoft.com/developer/msbuild/2003">
  <ItemGroup>
    <Filter Include="Source Files">
      <UniqueIdentifier>{4FC737F1-C7A5-4376-A066-2A32D752A2FF}</UniqueIdentifier>
      <Extensions>cpp;c;cc;cxx;c++;cppm;ixx;def;odl;idl;hpj;bat;asm;asmx</Extensions>
    </Filter>
    <Filter Include="Header Files">
      <UniqueIdentifier>{93995380-89BD-4b04-88EB-625FBE52EBFB}</UniqueIdentifier>
      <Extensions>h;hh;hpp;hxx;h++;hm;inl;inc;ipp;xsd</Extensions>
    </Filter>
    <Filter Include="Resource Files">
      <UniqueIdentifier>{67DA6AB6-F800-4c08-8B7A-83BB121AAD01}</UniqueIdentifier>
      <Extensions>rc;ico;cur;bmp;dlg;rc2;rct;bin;rgs;gif;jpg;jpeg;jpe;resx;tiff;tif;png;wav;mfcribbon-ms</Extensions>
    </Filter>
  </ItemGroup>
  <ItemGroup>
    <ClInclude Include="include\PKAssets\PKAsset.h">
      <Filter>Header Files</Filter>
    </ClInclude>
    <ClInclude Include="include\PKAssets\PKAssetLoader.h">
      <Filter>Header Files</Filter>
    </ClInclude>
    <ClInclude Include="src\PKAssetWriter.h">
      <Filter>Header Files</Filter>
    </ClInclude>
    <ClInclude Include="src\PKShaderWriter.h">
      <Filter>Header Files</Filter>
    </ClInclude>
    <ClInclude Include="src\PKStringUtilities.h">
      <Filter>Header Files</Filter>
    </ClInclude>
    <ClInclude Include="include\shaderc\env.h">
      <Filter>Header Files</Filter>
    </ClInclude>
    <ClInclude Include="include\shaderc\shaderc.h">
      <Filter>Header Files</Filter>
    </ClInclude>
    <ClInclude Include="include\shaderc\shaderc.hpp">
      <Filter>Header Files</Filter>
    </ClInclude>
    <ClInclude Include="include\shaderc\status.h">
      <Filter>Header Files</Filter>
    </ClInclude>
    <ClInclude Include="include\shaderc\visibility.h">
      <Filter>Header Files</Filter>
    </ClInclude>
    <ClInclude Include="include\SPIRV-Reflect\spirv.h">
      <Filter>Header Files</Filter>
    </ClInclude>
    <ClInclude Include="include\SPIRV-Reflect\spirv_reflect.h">
      <Filter>Header Files</Filter>
    </ClInclude>
    <ClInclude Include="src\PKMeshWriter.h">
      <Filter>Header Files</Filter>
    </ClInclude>
    <ClInclude Include="include\tinyobjloader\tiny_obj_loader.h">
      <Filter>Header Files</Filter>
    </ClInclude>
    <ClInclude Include="include\mikktspace\mikktspace.h">
      <Filter>Header Files</Filter>
    </ClInclude>
    <ClInclude Include="include\meshoptimizer\meshoptimizer.h">
      <Filter>Header Files</Filter>
    </ClInclude>
    <ClInclude Include="src\PKShaderUtilities.h">
      <Filter>Header Files</Filter>
    </ClInclude>
    <ClInclude Include="src\PKSPVUtilities.h">
      <Filter>Header Files</Filter>
    </ClInclude>
  </ItemGroup>
  <ItemGroup>
    <ClCompile Include="include\PKAssets\PKAssetLoader.cpp">
      <Filter>Source Files</Filter>
    </ClCompile>
    <ClCompile Include="src\main.cpp">
      <Filter>Source Files</Filter>
    </ClCompile>
    <ClCompile Include="src\PKAssetWriter.cpp">
      <Filter>Source Files</Filter>
    </ClCompile>
    <ClCompile Include="src\PKShaderWriter.cpp">
      <Filter>Source Files</Filter>
    </ClCompile>
    <ClCompile Include="src\PKStringUtilities.cpp">
      <Filter>Source Files</Filter>
    </ClCompile>
    <ClCompile Include="include\SPIRV-Reflect\spirv_reflect.cpp">
      <Filter>Source Files</Filter>
    </ClCompile>
    <ClCompile Include="src\PKMeshWriter.cpp">
      <Filter>Source Files</Filter>
    </ClCompile>
    <ClCompile Include="include\tinyobjloader\tiny_obj_loader.cpp">
      <Filter>Source Files</Filter>
    </ClCompile>
    <ClCompile Include="include\mikktspace\mikktspace.c">
      <Filter>Source Files</Filter>
    </ClCompile>
    <ClCompile Include="include\PKAssets\PKAsset.cpp">
      <Filter>Source Files</Filter>
    </ClCompile>
    <ClCompile Include="include\meshoptimizer\allocator.cpp">
      <Filter>Source Files</Filter>
    </ClCompile>
    <ClCompile Include="include\meshoptimizer\clusterizer.cpp">
      <Filter>Source Files</Filter>
    </ClCompile>
    <ClCompile Include="include\meshoptimizer\indexcodec.cpp">
      <Filter>Source Files</Filter>
    </ClCompile>
    <ClCompile Include="include\meshoptimizer\indexgenerator.cpp">
      <Filter>Source Files</Filter>
    </ClCompile>
    <ClCompile Include="include\meshoptimizer\overdrawanalyzer.cpp">
      <Filter>Source Files</Filter>
    </ClCompile>
    <ClCompile Include="include\meshoptimizer\overdrawoptimizer.cpp">
      <Filter>Source Files</Filter>
    </ClCompile>
    <ClCompile Include="include\meshoptimizer\simplifier.cpp">
      <Filter>Source Files</Filter>
    </ClCompile>
    <ClCompile Include="include\meshoptimizer\spatialorder.cpp">
      <Filter>Source Files</Filter>
    </ClCompile>
    <ClCompile Include="include\meshoptimizer\stripifier.cpp">
      <Filter>Source Files</Filter>
    </ClCompile>
    <ClCompile Include="include\meshoptimizer\vcacheanalyzer.cpp">
      <Filter>Source Files</Filter>
    </ClCompile>
    <ClCompile Include="include\meshoptimizer\vcacheoptimizer.cpp">
      <Filter>Source Files</Filter>
    </ClCompile>
    <ClCompile Include="include\meshoptimizer\vertexcodec.cpp">
      <Filter>Source Files</Filter>
    </ClCompile>
    <ClCompile Include="include\meshoptimizer\vertexfilter.cpp">
      <Filter>Source Files</Filter>
    </ClCompile>
    <ClCompile Include="include\meshoptimizer\vfetchanalyzer.cpp">
      <Filter>Source Files</Filter>
    </ClCompile>
    <ClCompile Include="include\meshoptimizer\vfetchoptimizer.cpp">
      <Filter>Source Files</Filter>
    </ClCompile>
    <ClCompile Include="src\PKShaderUtilities.cpp">
      <Filter>Source Files</Filter>
    </ClCompile>
    <ClCompile Include="src\PKSPVUtilities.cpp">
      <Filter>Source Files</Filter>
    </ClCompile>
  </ItemGroup>
  <ItemGroup>
    <Library Include="libs\shaderc_combined.lib" />
    <Library Include="libs\shaderc_combinedd.lib" />
  </ItemGroup>
  <ItemGroup>
    <None Include=".gitignore" />
    <None Include="LICENSE" />
    <None Include="README.md" />
    <None Include="debug_res\models\MDL_Debug.mdl" />
    <None Include="debug_res\shaders\includes\Utilities.glsl" />
    <None Include="debug_res\shaders\SH_WS_Debug.shader" />
    <None Include="debug_res\models\MDL_Debug.mdl.pkmeta" />
    <None Include="debug_res\shaders\CS_Debug.shader" />
  </ItemGroup>
</Project>